
Microsoft Visual Studio Solution File, Format Version 12.00
# Visual Studio Version 16
VisualStudioVersion = 16.0.30002.166
MinimumVisualStudioVersion = 10.0.40219.1
Project("{F184B08F-C81C-45F6-A57F-5ABD9991F28F}") = "bookinventory", "bookinventory\bookinventory.vbproj", "{09B5A43B-3B32-489B-9B95-E7D7B7EC7AC3}"
EndProject
Global
	GlobalSection(SolutionConfigurationPlatforms) = preSolution
		Debug|Any CPU = Debug|Any CPU
		Release|Any CPU = Release|Any CPU
	EndGlobalSection
	GlobalSection(ProjectConfigurationPlatforms) = postSolution
		{09B5A43B-3B32-489B-9B95-E7D7B7EC7AC3}.Debug|Any CPU.ActiveCfg = Debug|Any CPU
		{09B5A43B-3B32-489B-9B95-E7D7B7EC7AC3}.Debug|Any CPU.Build.0 = Debug|Any CPU
		{09B5A43B-3B32-489B-9B95-E7D7B7EC7AC3}.Release|Any CPU.ActiveCfg = Release|Any CPU
		{09B5A43B-3B32-489B-9B95-E7D7B7EC7AC3}.Release|Any CPU.Build.0 = Release|Any CPU
	EndGlobalSection
	GlobalSection(SolutionProperties) = preSolution
		HideSolutionNode = FALSE
	EndGlobalSection
	GlobalSection(ExtensibilityGlobals) = postSolution
		SolutionGuid = {7A69AD94-BE21-4B31-B553-19835DE3644A}
	EndGlobalSection
EndGlobal
